
Microsoft Visual Studio Solution File, Format Version 12.00
# Visual Studio Version 16
VisualStudioVersion = 16.0.29503.13
MinimumVisualStudioVersion = 10.0.40219.1
Project("{FAE04EC0-301F-11D3-BF4B-00C04F79EFBC}") = "DirectSelling", "DirectSelling\DirectSelling.csproj", "{53C9873A-B832-4DBA-94E0-AFC0309FE779}"
EndProject
Project("{FAE04EC0-301F-11D3-BF4B-00C04F79EFBC}") = "ClientView", "ClientView\ClientView.csproj", "{C57E122D-CC43-4827-B8BE-D0C8CD789568}"
EndProject
Global
	GlobalSection(SolutionConfigurationPlatforms) = preSolution
		Debug|Any CPU = Debug|Any CPU
		Release|Any CPU = Release|Any CPU
	EndGlobalSection
	GlobalSection(ProjectConfigurationPlatforms) = postSolution
		{53C9873A-B832-4DBA-94E0-AFC0309FE779}.Debug|Any CPU.ActiveCfg = Debug|Any CPU
		{53C9873A-B832-4DBA-94E0-AFC0309FE779}.Debug|Any CPU.Build.0 = Debug|Any CPU
		{53C9873A-B832-4DBA-94E0-AFC0309FE779}.Release|Any CPU.ActiveCfg = Release|Any CPU
		{53C9873A-B832-4DBA-94E0-AFC0309FE779}.Release|Any CPU.Build.0 = Release|Any CPU
		{C57E122D-CC43-4827-B8BE-D0C8CD789568}.Debug|Any CPU.ActiveCfg = Debug|Any CPU
		{C57E122D-CC43-4827-B8BE-D0C8CD789568}.Debug|Any CPU.Build.0 = Debug|Any CPU
		{C57E122D-CC43-4827-B8BE-D0C8CD789568}.Release|Any CPU.ActiveCfg = Release|Any CPU
		{C57E122D-CC43-4827-B8BE-D0C8CD789568}.Release|Any CPU.Build.0 = Release|Any CPU
	EndGlobalSection
	GlobalSection(SolutionProperties) = preSolution
		HideSolutionNode = FALSE
	EndGlobalSection
	GlobalSection(ExtensibilityGlobals) = postSolution
		SolutionGuid = {9340B240-3F6D-40D2-9D4B-11F1AB16BAA0}
	EndGlobalSection
EndGlobal
